// !$*UTF8*$!
{
	archiveVersion = 1;
	classes = {
	};
	objectVersion = 56;
	objects = {

/* Begin PBXBuildFile section */
		8D6B026C2A00D1000072080A /* CalculatorApp.swift in Sources */ = {isa = PBXBuildFile; fileRef = 8D6B026B2A00D1000072080A /* CalculatorApp.swift */; };
		8D6B02702A00D1020072080A /* Assets.xcassets in Resources */ = {isa = PBXBuildFile; fileRef = 8D6B026F2A00D1020072080A /* Assets.xcassets */; };
		8D6B02732A00D1020072080A /* Preview Assets.xcassets in Resources */ = {isa = PBXBuildFile; fileRef = 8D6B02722A00D1020072080A /* Preview Assets.xcassets */; };
		8D6B027A2A00D3780072080A /* CalculatorView.swift in Sources */ = {isa = PBXBuildFile; fileRef = 8D6B02792A00D3780072080A /* CalculatorView.swift */; };
		8D6B027C2A00D51E0072080A /* ButtonType.swift in Sources */ = {isa = PBXBuildFile; fileRef = 8D6B027B2A00D51E0072080A /* ButtonType.swift */; };
		8D6B02802A00D5FA0072080A /* Digit.swift in Sources */ = {isa = PBXBuildFile; fileRef = 8D6B027F2A00D5FA0072080A /* Digit.swift */; };
		8D6B02822A00D6240072080A /* ArithmeticOperation.swift in Sources */ = {isa = PBXBuildFile; fileRef = 8D6B02812A00D6240072080A /* ArithmeticOperation.swift */; };
		8D6B02852A00DAA60072080A /* CalculatorButtonStyle.swift in Sources */ = {isa = PBXBuildFile; fileRef = 8D6B02842A00DAA60072080A /* CalculatorButtonStyle.swift */; };
		8D6B028A2A00E0960072080A /* Constants.swift in Sources */ = {isa = PBXBuildFile; fileRef = 8D6B02892A00E0960072080A /* Constants.swift */; };
		8D6B028C2A00E6E00072080A /* Calculator.swift in Sources */ = {isa = PBXBuildFile; fileRef = 8D6B028B2A00E6E00072080A /* Calculator.swift */; };
		8D6B028E2A00E7420072080A /* CalculatorViewModel.swift in Sources */ = {isa = PBXBuildFile; fileRef = 8D6B028D2A00E7420072080A /* CalculatorViewModel.swift */; };
		8D6B02902A00EFCF0072080A /* CalculatorButton.swift in Sources */ = {isa = PBXBuildFile; fileRef = 8D6B028F2A00EFCF0072080A /* CalculatorButton.swift */; };
/* End PBXBuildFile section */

/* Begin PBXFileReference section */
		8D6B02682A00D1000072080A /* Calculator.app */ = {isa = PBXFileReference; explicitFileType = wrapper.application; includeInIndex = 0; path = Calculator.app; sourceTree = BUILT_PRODUCTS_DIR; };
		8D6B026B2A00D1000072080A /* CalculatorApp.swift */ = {isa = PBXFileReference; lastKnownFileType = sourcecode.swift; path = CalculatorApp.swift; sourceTree = "<group>"; };
		8D6B026F2A00D1020072080A /* Assets.xcassets */ = {isa = PBXFileReference; lastKnownFileType = folder.assetcatalog; path = Assets.xcassets; sourceTree = "<group>"; };
		8D6B02722A00D1020072080A /* Preview Assets.xcassets */ = {isa = PBXFileReference; lastKnownFileType = folder.assetcatalog; path = "Preview Assets.xcassets"; sourceTree = "<group>"; };
		8D6B02792A00D3780072080A /* CalculatorView.swift */ = {isa = PBXFileReference; lastKnownFileType = sourcecode.swift; path = CalculatorView.swift; sourceTree = "<group>"; };
		8D6B027B2A00D51E0072080A /* ButtonType.swift */ = {isa = PBXFileReference; lastKnownFileType = sourcecode.swift; path = ButtonType.swift; sourceTree = "<group>"; };
		8D6B027F2A00D5FA0072080A /* Digit.swift */ = {isa = PBXFileReference; lastKnownFileType = sourcecode.swift; path = Digit.swift; sourceTree = "<group>"; };
		8D6B02812A00D6240072080A /* ArithmeticOperation.swift */ = {isa = PBXFileReference; lastKnownFileType = sourcecode.swift; path = ArithmeticOperation.swift; sourceTree = "<group>"; };
		8D6B02842A00DAA60072080A /* CalculatorButtonStyle.swift */ = {isa = PBXFileReference; lastKnownFileType = sourcecode.swift; path = CalculatorButtonStyle.swift; sourceTree = "<group>"; };
		8D6B02892A00E0960072080A /* Constants.swift */ = {isa = PBXFileReference; lastKnownFileType = sourcecode.swift; path = Constants.swift; sourceTree = "<group>"; };
		8D6B028B2A00E6E00072080A /* Calculator.swift */ = {isa = PBXFileReference; lastKnownFileType = sourcecode.swift; path = Calculator.swift; sourceTree = "<group>"; };
		8D6B028D2A00E7420072080A /* CalculatorViewModel.swift */ = {isa = PBXFileReference; lastKnownFileType = sourcecode.swift; path = CalculatorViewModel.swift; sourceTree = "<group>"; };
		8D6B028F2A00EFCF0072080A /* CalculatorButton.swift */ = {isa = PBXFileReference; lastKnownFileType = sourcecode.swift; path = CalculatorButton.swift; sourceTree = "<group>"; };
/* End PBXFileReference section */

/* Begin PBXFrameworksBuildPhase section */
		8D6B02652A00D1000072080A /* Frameworks */ = {
			isa = PBXFrameworksBuildPhase;
			buildActionMask = 2147483647;
			files = (
			);
			runOnlyForDeploymentPostprocessing = 0;
		};
/* End PBXFrameworksBuildPhase section */

/* Begin PBXGroup section */
		8D6B025F2A00D1000072080A = {
			isa = PBXGroup;
			children = (
				8D6B026A2A00D1000072080A /* Calculator */,
				8D6B02692A00D1000072080A /* Products */,
			);
			sourceTree = "<group>";
		};
		8D6B02692A00D1000072080A /* Products */ = {
			isa = PBXGroup;
			children = (
				8D6B02682A00D1000072080A /* Calculator.app */,
			);
			name = Products;
			sourceTree = "<group>";
		};
		8D6B026A2A00D1000072080A /* Calculator */ = {
			isa = PBXGroup;
			children = (
				8D6B026B2A00D1000072080A /* CalculatorApp.swift */,
				8D6B02892A00E0960072080A /* Constants.swift */,
				8D6B02832A00DA790072080A /* Syles */,
				8D6B027D2A00D58B0072080A /* Models */,
				8D6B027E2A00D5AE0072080A /* Views */,
				8D6B026F2A00D1020072080A /* Assets.xcassets */,
				8D6B02712A00D1020072080A /* Preview Content */,
			);
			path = Calculator;
			sourceTree = "<group>";
		};
		8D6B02712A00D1020072080A /* Preview Content */ = {
			isa = PBXGroup;
			children = (
				8D6B02722A00D1020072080A /* Preview Assets.xcassets */,
			);
			path = "Preview Content";
			sourceTree = "<group>";
		};
		8D6B027D2A00D58B0072080A /* Models */ = {
			isa = PBXGroup;
			children = (
				8D6B027B2A00D51E0072080A /* ButtonType.swift */,
				8D6B027F2A00D5FA0072080A /* Digit.swift */,
				8D6B02812A00D6240072080A /* ArithmeticOperation.swift */,
				8D6B028B2A00E6E00072080A /* Calculator.swift */,
			);
			path = Models;
			sourceTree = "<group>";
		};
		8D6B027E2A00D5AE0072080A /* Views */ = {
			isa = PBXGroup;
			children = (
				8D6B02792A00D3780072080A /* CalculatorView.swift */,
				8D6B028D2A00E7420072080A /* CalculatorViewModel.swift */,
				8D6B02862A00DD450072080A /* Components */,
			);
			path = Views;
			sourceTree = "<group>";
		};
		8D6B02832A00DA790072080A /* Syles */ = {
			isa = PBXGroup;
			children = (
				8D6B02842A00DAA60072080A /* CalculatorButtonStyle.swift */,
			);
			path = Syles;
			sourceTree = "<group>";
		};
		8D6B02862A00DD450072080A /* Components */ = {
			isa = PBXGroup;
			children = (
				8D6B028F2A00EFCF0072080A /* CalculatorButton.swift */,
			);
			path = Components;
			sourceTree = "<group>";
		};
/* End PBXGroup section */

/* Begin PBXNativeTarget section */
		8D6B02672A00D1000072080A /* Calculator */ = {
			isa = PBXNativeTarget;
			buildConfigurationList = 8D6B02762A00D1020072080A /* Build configuration list for PBXNativeTarget "Calculator" */;
			buildPhases = (
				8D6B02642A00D1000072080A /* Sources */,
				8D6B02652A00D1000072080A /* Frameworks */,
				8D6B02662A00D1000072080A /* Resources */,
			);
			buildRules = (
			);
			dependencies = (
			);
			name = Calculator;
			productName = Calculator;
			productReference = 8D6B02682A00D1000072080A /* Calculator.app */;
			productType = "com.apple.product-type.application";
		};
/* End PBXNativeTarget section */

/* Begin PBXProject section */
		8D6B02602A00D1000072080A /* Project object */ = {
			isa = PBXProject;
			attributes = {
				BuildIndependentTargetsInParallel = 1;
				LastSwiftUpdateCheck = 1420;
				LastUpgradeCheck = 1420;
				TargetAttributes = {
					8D6B02672A00D1000072080A = {
						CreatedOnToolsVersion = 14.2;
					};
				};
			};
			buildConfigurationList = 8D6B02632A00D1000072080A /* Build configuration list for PBXProject "Calculator" */;
			compatibilityVersion = "Xcode 14.0";
			developmentRegion = en;
			hasScannedForEncodings = 0;
			knownRegions = (
				en,
				Base,
			);
			mainGroup = 8D6B025F2A00D1000072080A;
			productRefGroup = 8D6B02692A00D1000072080A /* Products */;
			projectDirPath = "";
			projectRoot = "";
			targets = (
				8D6B02672A00D1000072080A /* Calculator */,
			);
		};
/* End PBXProject section */

/* Begin PBXResourcesBuildPhase section */
		8D6B02662A00D1000072080A /* Resources */ = {
			isa = PBXResourcesBuildPhase;
			buildActionMask = 2147483647;
			files = (
				8D6B02732A00D1020072080A /* Preview Assets.xcassets in Resources */,
				8D6B02702A00D1020072080A /* Assets.xcassets in Resources */,
			);
			runOnlyForDeploymentPostprocessing = 0;
		};
/* End PBXResourcesBuildPhase section */

/* Begin PBXSourcesBuildPhase section */
		8D6B02642A00D1000072080A /* Sources */ = {
			isa = PBXSourcesBuildPhase;
			buildActionMask = 2147483647;
			files = (
				8D6B02822A00D6240072080A /* ArithmeticOperation.swift in Sources */,
				8D6B027A2A00D3780072080A /* CalculatorView.swift in Sources */,
				8D6B027C2A00D51E0072080A /* ButtonType.swift in Sources */,
				8D6B028E2A00E7420072080A /* CalculatorViewModel.swift in Sources */,
				8D6B02852A00DAA60072080A /* CalculatorButtonStyle.swift in Sources */,
				8D6B028C2A00E6E00072080A /* Calculator.swift in Sources */,
				8D6B026C2A00D1000072080A /* CalculatorApp.swift in Sources */,
				8D6B02802A00D5FA0072080A /* Digit.swift in Sources */,
				8D6B028A2A00E0960072080A /* Constants.swift in Sources */,
				8D6B02902A00EFCF0072080A /* CalculatorButton.swift in Sources */,
			);
			runOnlyForDeploymentPostprocessing = 0;
		};
/* End PBXSourcesBuildPhase section */

/* Begin XCBuildConfiguration section */
		8D6B02742A00D1020072080A /* Debug */ = {
			isa = XCBuildConfiguration;
			buildSettings = {
				ALWAYS_SEARCH_USER_PATHS = NO;
				CLANG_ANALYZER_NONNULL = YES;
				CLANG_ANALYZER_NUMBER_OBJECT_CONVERSION = YES_AGGRESSIVE;
				CLANG_CXX_LANGUAGE_STANDARD = "gnu++20";
				CLANG_ENABLE_MODULES = YES;
				CLANG_ENABLE_OBJC_ARC = YES;
				CLANG_ENABLE_OBJC_WEAK = YES;
				CLANG_WARN_BLOCK_CAPTURE_AUTORELEASING = YES;
				CLANG_WARN_BOOL_CONVERSION = YES;
				CLANG_WARN_COMMA = YES;
				CLANG_WARN_CONSTANT_CONVERSION = YES;
				CLANG_WARN_DEPRECATED_OBJC_IMPLEMENTATIONS = YES;
				CLANG_WARN_DIRECT_OBJC_ISA_USAGE = YES_ERROR;
				CLANG_WARN_DOCUMENTATION_COMMENTS = YES;
				CLANG_WARN_EMPTY_BODY = YES;
				CLANG_WARN_ENUM_CONVERSION = YES;
				CLANG_WARN_INFINITE_RECURSION = YES;
				CLANG_WARN_INT_CONVERSION = YES;
				CLANG_WARN_NON_LITERAL_NULL_CONVERSION = YES;
				CLANG_WARN_OBJC_IMPLICIT_RETAIN_SELF = YES;
				CLANG_WARN_OBJC_LITERAL_CONVERSION = YES;
				CLANG_WARN_OBJC_ROOT_CLASS = YES_ERROR;
				CLANG_WARN_QUOTED_INCLUDE_IN_FRAMEWORK_HEADER = YES;
				CLANG_WARN_RANGE_LOOP_ANALYSIS = YES;
				CLANG_WARN_STRICT_PROTOTYPES = YES;
				CLANG_WARN_SUSPICIOUS_MOVE = YES;
				CLANG_WARN_UNGUARDED_AVAILABILITY = YES_AGGRESSIVE;
				CLANG_WARN_UNREACHABLE_CODE = YES;
				CLANG_WARN__DUPLICATE_METHOD_MATCH = YES;
				COPY_PHASE_STRIP = NO;
				DEBUG_INFORMATION_FORMAT = dwarf;
				ENABLE_STRICT_OBJC_MSGSEND = YES;
				ENABLE_TESTABILITY = YES;
				GCC_C_LANGUAGE_STANDARD = gnu11;
				GCC_DYNAMIC_NO_PIC = NO;
				GCC_NO_COMMON_BLOCKS = YES;
				GCC_OPTIMIZATION_LEVEL = 0;
				GCC_PREPROCESSOR_DEFINITIONS = (
					"DEBUG=1",
					"$(inherited)",
				);
				GCC_WARN_64_TO_32_BIT_CONVERSION = YES;
				GCC_WARN_ABOUT_RETURN_TYPE = YES_ERROR;
				GCC_WARN_UNDECLARED_SELECTOR = YES;
				GCC_WARN_UNINITIALIZED_AUTOS = YES_AGGRESSIVE;
				GCC_WARN_UNUSED_FUNCTION = YES;
				GCC_WARN_UNUSED_VARIABLE = YES;
				IPHONEOS_DEPLOYMENT_TARGET = 16.2;
				MTL_ENABLE_DEBUG_INFO = INCLUDE_SOURCE;
				MTL_FAST_MATH = YES;
				ONLY_ACTIVE_ARCH = YES;
				SDKROOT = iphoneos;
				SWIFT_ACTIVE_COMPILATION_CONDITIONS = DEBUG;
				SWIFT_OPTIMIZATION_LEVEL = "-Onone";
			};
			name = Debug;
		};
		8D6B02752A00D1020072080A /* Release */ = {
			isa = XCBuildConfiguration;
			buildSettings = {
				ALWAYS_SEARCH_USER_PATHS = NO;
				CLANG_ANALYZER_NONNULL = YES;
				CLANG_ANALYZER_NUMBER_OBJECT_CONVERSION = YES_AGGRESSIVE;
				CLANG_CXX_LANGUAGE_STANDARD = "gnu++20";
				CLANG_ENABLE_MODULES = YES;
				CLANG_ENABLE_OBJC_ARC = YES;
				CLANG_ENABLE_OBJC_WEAK = YES;
				CLANG_WARN_BLOCK_CAPTURE_AUTORELEASING = YES;
				CLANG_WARN_BOOL_CONVERSION = YES;
				CLANG_WARN_COMMA = YES;
				CLANG_WARN_CONSTANT_CONVERSION = YES;
				CLANG_WARN_DEPRECATED_OBJC_IMPLEMENTATIONS = YES;
				CLANG_WARN_DIRECT_OBJC_ISA_USAGE = YES_ERROR;
				CLANG_WARN_DOCUMENTATION_COMMENTS = YES;
				CLANG_WARN_EMPTY_BODY = YES;
				CLANG_WARN_ENUM_CONVERSION = YES;
				CLANG_WARN_INFINITE_RECURSION = YES;
				CLANG_WARN_INT_CONVERSION = YES;
				CLANG_WARN_NON_LITERAL_NULL_CONVERSION = YES;
				CLANG_WARN_OBJC_IMPLICIT_RETAIN_SELF = YES;
				CLANG_WARN_OBJC_LITERAL_CONVERSION = YES;
				CLANG_WARN_OBJC_ROOT_CLASS = YES_ERROR;
				CLANG_WARN_QUOTED_INCLUDE_IN_FRAMEWORK_HEADER = YES;
				CLANG_WARN_RANGE_LOOP_ANALYSIS = YES;
				CLANG_WARN_STRICT_PROTOTYPES = YES;
				CLANG_WARN_SUSPICIOUS_MOVE = YES;
				CLANG_WARN_UNGUARDED_AVAILABILITY = YES_AGGRESSIVE;
				CLANG_WARN_UNREACHABLE_CODE = YES;
				CLANG_WARN__DUPLICATE_METHOD_MATCH = YES;
				COPY_PHASE_STRIP = NO;
				DEBUG_INFORMATION_FORMAT = "dwarf-with-dsym";
				ENABLE_NS_ASSERTIONS = NO;
				ENABLE_STRICT_OBJC_MSGSEND = YES;
				GCC_C_LANGUAGE_STANDARD = gnu11;
				GCC_NO_COMMON_BLOCKS = YES;
				GCC_WARN_64_TO_32_BIT_CONVERSION = YES;
				GCC_WARN_ABOUT_RETURN_TYPE = YES_ERROR;
				GCC_WARN_UNDECLARED_SELECTOR = YES;
				GCC_WARN_UNINITIALIZED_AUTOS = YES_AGGRESSIVE;
				GCC_WARN_UNUSED_FUNCTION = YES;
				GCC_WARN_UNUSED_VARIABLE = YES;
				IPHONEOS_DEPLOYMENT_TARGET = 16.2;
				MTL_ENABLE_DEBUG_INFO = NO;
				MTL_FAST_MATH = YES;
				SDKROOT = iphoneos;
				SWIFT_COMPILATION_MODE = wholemodule;
				SWIFT_OPTIMIZATION_LEVEL = "-O";
				VALIDATE_PRODUCT = YES;
			};
			name = Release;
		};
		8D6B02772A00D1020072080A /* Debug */ = {
			isa = XCBuildConfiguration;
			buildSettings = {
				ASSETCATALOG_COMPILER_APPICON_NAME = AppIcon;
				ASSETCATALOG_COMPILER_GLOBAL_ACCENT_COLOR_NAME = AccentColor;
				CODE_SIGN_IDENTITY = "Apple Development";
				CODE_SIGN_STYLE = Automatic;
				CURRENT_PROJECT_VERSION = 1;
				DEVELOPMENT_ASSET_PATHS = "\"Calculator/Preview Content\"";
				DEVELOPMENT_TEAM = L8CGNZ5SX4;
				ENABLE_PREVIEWS = YES;
				GENERATE_INFOPLIST_FILE = YES;
				INFOPLIST_KEY_UIApplicationSceneManifest_Generation = YES;
				INFOPLIST_KEY_UIApplicationSupportsIndirectInputEvents = YES;
				INFOPLIST_KEY_UILaunchScreen_Generation = YES;
				INFOPLIST_KEY_UISupportedInterfaceOrientations_iPad = "UIInterfaceOrientationPortrait UIInterfaceOrientationPortraitUpsideDown UIInterfaceOrientationLandscapeLeft UIInterfaceOrientationLandscapeRight";
				INFOPLIST_KEY_UISupportedInterfaceOrientations_iPhone = "UIInterfaceOrientationPortrait UIInterfaceOrientationLandscapeLeft UIInterfaceOrientationLandscapeRight";
				LD_RUNPATH_SEARCH_PATHS = (
					"$(inherited)",
					"@executable_path/Frameworks",
				);
				MARKETING_VERSION = 1.0;
				PRODUCT_BUNDLE_IDENTIFIER = com.git.calculatorylu;
				PRODUCT_NAME = "$(TARGET_NAME)";
				PROVISIONING_PROFILE_SPECIFIER = "";
				SWIFT_EMIT_LOC_STRINGS = YES;
				SWIFT_VERSION = 5.0;
				TARGETED_DEVICE_FAMILY = "1,2";
			};
			name = Debug;
		};
		8D6B02782A00D1020072080A /* Release */ = {
			isa = XCBuildConfiguration;
			buildSettings = {
				ASSETCATALOG_COMPILER_APPICON_NAME = AppIcon;
				ASSETCATALOG_COMPILER_GLOBAL_ACCENT_COLOR_NAME = AccentColor;
				CODE_SIGN_IDENTITY = "Apple Development";
				CODE_SIGN_STYLE = Automatic;
				CURRENT_PROJECT_VERSION = 1;
				DEVELOPMENT_ASSET_PATHS = "\"Calculator/Preview Content\"";
				DEVELOPMENT_TEAM = L8CGNZ5SX4;
				ENABLE_PREVIEWS = YES;
				GENERATE_INFOPLIST_FILE = YES;
				INFOPLIST_KEY_UIApplicationSceneManifest_Generation = YES;
				INFOPLIST_KEY_UIApplicationSupportsIndirectInputEvents = YES;
				INFOPLIST_KEY_UILaunchScreen_Generation = YES;
				INFOPLIST_KEY_UISupportedInterfaceOrientations_iPad = "UIInterfaceOrientationPortrait UIInterfaceOrientationPortraitUpsideDown UIInterfaceOrientationLandscapeLeft UIInterfaceOrientationLandscapeRight";
				INFOPLIST_KEY_UISupportedInterfaceOrientations_iPhone = "UIInterfaceOrientationPortrait UIInterfaceOrientationLandscapeLeft UIInterfaceOrientationLandscapeRight";
				LD_RUNPATH_SEARCH_PATHS = (
					"$(inherited)",
					"@executable_path/Frameworks",
				);
				MARKETING_VERSION = 1.0;
				PRODUCT_BUNDLE_IDENTIFIER = com.github.calculatorylu;
				PRODUCT_NAME = "$(TARGET_NAME)";
				PROVISIONING_PROFILE_SPECIFIER = "";
				SWIFT_EMIT_LOC_STRINGS = YES;
				SWIFT_VERSION = 5.0;
				TARGETED_DEVICE_FAMILY = "1,2";
			};
			name = Release;
		};
/* End XCBuildConfiguration section */

/* Begin XCConfigurationList section */
		8D6B02632A00D1000072080A /* Build configuration list for PBXProject "Calculator" */ = {
			isa = XCConfigurationList;
			buildConfigurations = (
				8D6B02742A00D1020072080A /* Debug */,
				8D6B02752A00D1020072080A /* Release */,
			);
			defaultConfigurationIsVisible = 0;
			defaultConfigurationName = Release;
		};
		8D6B02762A00D1020072080A /* Build configuration list for PBXNativeTarget "Calculator" */ = {
			isa = XCConfigurationList;
			buildConfigurations = (
				8D6B02772A00D1020072080A /* Debug */,
				8D6B02782A00D1020072080A /* Release */,
			);
			defaultConfigurationIsVisible = 0;
			defaultConfigurationName = Release;
		};
/* End XCConfigurationList section */
	};
	rootObject = 8D6B02602A00D1000072080A /* Project object */;
}
